
Microsoft Visual Studio Solution File, Format Version 12.00
# Visual Studio 15
VisualStudioVersion = 15.0.28010.2050
MinimumVisualStudioVersion = 10.0.40219.1
Project("{FAE04EC0-301F-11D3-BF4B-00C04F79EFBC}") = "HeznekLaatid", "HeznekLaatid\HeznekLaatid.csproj", "{4DA01AFA-2204-423E-8BAC-8028C9CDFFC9}"
EndProject
Project("{FAE04EC0-301F-11D3-BF4B-00C04F79EFBC}") = "HeznekLaatid.Tests", "HeznekLaatid.Tests\HeznekLaatid.Tests.csproj", "{5CFAB79A-E131-4398-9030-4A1E1E6D728C}"
EndProject
Global
	GlobalSection(SolutionConfigurationPlatforms) = preSolution
		Debug|Any CPU = Debug|Any CPU
		Release|Any CPU = Release|Any CPU
	EndGlobalSection
	GlobalSection(ProjectConfigurationPlatforms) = postSolution
		{4DA01AFA-2204-423E-8BAC-8028C9CDFFC9}.Debug|Any CPU.ActiveCfg = Debug|Any CPU
		{4DA01AFA-2204-423E-8BAC-8028C9CDFFC9}.Debug|Any CPU.Build.0 = Debug|Any CPU
		{4DA01AFA-2204-423E-8BAC-8028C9CDFFC9}.Release|Any CPU.ActiveCfg = Release|Any CPU
		{4DA01AFA-2204-423E-8BAC-8028C9CDFFC9}.Release|Any CPU.Build.0 = Release|Any CPU
		{5CFAB79A-E131-4398-9030-4A1E1E6D728C}.Debug|Any CPU.ActiveCfg = Debug|Any CPU
		{5CFAB79A-E131-4398-9030-4A1E1E6D728C}.Debug|Any CPU.Build.0 = Debug|Any CPU
		{5CFAB79A-E131-4398-9030-4A1E1E6D728C}.Release|Any CPU.ActiveCfg = Release|Any CPU
		{5CFAB79A-E131-4398-9030-4A1E1E6D728C}.Release|Any CPU.Build.0 = Release|Any CPU
	EndGlobalSection
	GlobalSection(SolutionProperties) = preSolution
		HideSolutionNode = FALSE
	EndGlobalSection
	GlobalSection(ExtensibilityGlobals) = postSolution
		SolutionGuid = {A14BB3ED-E9FC-42F1-86CF-3A9C615294FE}
	EndGlobalSection
EndGlobal
